
Microsoft Visual Studio Solution File, Format Version 12.00
# Visual Studio 2013
VisualStudioVersion = 12.0.31101.0
MinimumVisualStudioVersion = 10.0.40219.1
Project("{FAE04EC0-301F-11D3-BF4B-00C04F79EFBC}") = "Astrid.Framework", "Astrid.Framework\Astrid.Framework.csproj", "{2B3B1640-5B1F-425F-AEBC-A24260524AD8}"
EndProject
Project("{FAE04EC0-301F-11D3-BF4B-00C04F79EFBC}") = "Astrid.Core", "Astrid.Core\Astrid.Core.csproj", "{95203660-E823-41AA-84BC-92C93C5BF213}"
EndProject
Project("{FAE04EC0-301F-11D3-BF4B-00C04F79EFBC}") = "Astrid.FarseerPhysics", "Astrid.FarseerPhysics\Astrid.FarseerPhysics.csproj", "{5E6F7C90-2740-42C8-9D27-2269E301223C}"
EndProject
Project("{FAE04EC0-301F-11D3-BF4B-00C04F79EFBC}") = "Astrid.Windows", "Astrid.Windows\Astrid.Windows.csproj", "{ECF7C5F2-6A15-4CA7-A20C-0B22ADF99DE0}"
EndProject
Project("{2150E333-8FDC-42A3-9474-1A3956D46DE8}") = ".nuget", ".nuget", "{6FCDE273-0602-4784-945E-0C30EB5E2119}"
	ProjectSection(SolutionItems) = preProject
		.nuget\NuGet.Config = .nuget\NuGet.Config
		.nuget\NuGet.exe = .nuget\NuGet.exe
		.nuget\NuGet.targets = .nuget\NuGet.targets
	EndProjectSection
EndProject
Project("{FAE04EC0-301F-11D3-BF4B-00C04F79EFBC}") = "AstridDemo", "AstridDemo\AstridDemo.csproj", "{BD917293-2600-422D-9882-80C33A13B303}"
EndProject
Project("{FAE04EC0-301F-11D3-BF4B-00C04F79EFBC}") = "AstridDemo.Windows", "AstridDemo.Windows\AstridDemo.Windows.csproj", "{14AFA0C7-C7C4-493C-BFEF-F056468F8C94}"
EndProject
Project("{2150E333-8FDC-42A3-9474-1A3956D46DE8}") = "Solution Items", "Solution Items", "{1BD34035-371C-4109-939E-B7F908F13E11}"
	ProjectSection(SolutionItems) = preProject
		.gitignore = .gitignore
		Astrid.Framework.sdox = Astrid.Framework.sdox
		LICENSE.txt = LICENSE.txt
		README.md = README.md
		update_docs.bat = update_docs.bat
	EndProjectSection
EndProject
Project("{FAE04EC0-301F-11D3-BF4B-00C04F79EFBC}") = "Astrid.Framework.Tests", "Astrid.Framework.Tests\Astrid.Framework.Tests.csproj", "{A49C30F0-69D4-4518-9CA7-41B1D1AE4F23}"
EndProject
Global
	GlobalSection(SolutionConfigurationPlatforms) = preSolution
		Debug|Any CPU = Debug|Any CPU
		Debug|Mixed Platforms = Debug|Mixed Platforms
		Debug|x86 = Debug|x86
		Release|Any CPU = Release|Any CPU
		Release|Mixed Platforms = Release|Mixed Platforms
		Release|x86 = Release|x86
	EndGlobalSection
	GlobalSection(ProjectConfigurationPlatforms) = postSolution
		{2B3B1640-5B1F-425F-AEBC-A24260524AD8}.Debug|Any CPU.ActiveCfg = Debug|Any CPU
		{2B3B1640-5B1F-425F-AEBC-A24260524AD8}.Debug|Any CPU.Build.0 = Debug|Any CPU
		{2B3B1640-5B1F-425F-AEBC-A24260524AD8}.Debug|Mixed Platforms.ActiveCfg = Debug|Any CPU
		{2B3B1640-5B1F-425F-AEBC-A24260524AD8}.Debug|Mixed Platforms.Build.0 = Debug|Any CPU
		{2B3B1640-5B1F-425F-AEBC-A24260524AD8}.Debug|x86.ActiveCfg = Debug|Any CPU
		{2B3B1640-5B1F-425F-AEBC-A24260524AD8}.Release|Any CPU.ActiveCfg = Release|Any CPU
		{2B3B1640-5B1F-425F-AEBC-A24260524AD8}.Release|Any CPU.Build.0 = Release|Any CPU
		{2B3B1640-5B1F-425F-AEBC-A24260524AD8}.Release|Mixed Platforms.ActiveCfg = Release|Any CPU
		{2B3B1640-5B1F-425F-AEBC-A24260524AD8}.Release|Mixed Platforms.Build.0 = Release|Any CPU
		{2B3B1640-5B1F-425F-AEBC-A24260524AD8}.Release|x86.ActiveCfg = Release|Any CPU
		{95203660-E823-41AA-84BC-92C93C5BF213}.Debug|Any CPU.ActiveCfg = Debug|Any CPU
		{95203660-E823-41AA-84BC-92C93C5BF213}.Debug|Any CPU.Build.0 = Debug|Any CPU
		{95203660-E823-41AA-84BC-92C93C5BF213}.Debug|Mixed Platforms.ActiveCfg = Debug|Any CPU
		{95203660-E823-41AA-84BC-92C93C5BF213}.Debug|Mixed Platforms.Build.0 = Debug|Any CPU
		{95203660-E823-41AA-84BC-92C93C5BF213}.Debug|x86.ActiveCfg = Debug|Any CPU
		{95203660-E823-41AA-84BC-92C93C5BF213}.Release|Any CPU.ActiveCfg = Release|Any CPU
		{95203660-E823-41AA-84BC-92C93C5BF213}.Release|Any CPU.Build.0 = Release|Any CPU
		{95203660-E823-41AA-84BC-92C93C5BF213}.Release|Mixed Platforms.ActiveCfg = Release|Any CPU
		{95203660-E823-41AA-84BC-92C93C5BF213}.Release|Mixed Platforms.Build.0 = Release|Any CPU
		{95203660-E823-41AA-84BC-92C93C5BF213}.Release|x86.ActiveCfg = Release|Any CPU
		{5E6F7C90-2740-42C8-9D27-2269E301223C}.Debug|Any CPU.ActiveCfg = Debug|Any CPU
		{5E6F7C90-2740-42C8-9D27-2269E301223C}.Debug|Any CPU.Build.0 = Debug|Any CPU
		{5E6F7C90-2740-42C8-9D27-2269E301223C}.Debug|Mixed Platforms.ActiveCfg = Debug|Any CPU
		{5E6F7C90-2740-42C8-9D27-2269E301223C}.Debug|Mixed Platforms.Build.0 = Debug|Any CPU
		{5E6F7C90-2740-42C8-9D27-2269E301223C}.Debug|x86.ActiveCfg = Debug|Any CPU
		{5E6F7C90-2740-42C8-9D27-2269E301223C}.Release|Any CPU.ActiveCfg = Release|Any CPU
		{5E6F7C90-2740-42C8-9D27-2269E301223C}.Release|Any CPU.Build.0 = Release|Any CPU
		{5E6F7C90-2740-42C8-9D27-2269E301223C}.Release|Mixed Platforms.ActiveCfg = Release|Any CPU
		{5E6F7C90-2740-42C8-9D27-2269E301223C}.Release|Mixed Platforms.Build.0 = Release|Any CPU
		{5E6F7C90-2740-42C8-9D27-2269E301223C}.Release|x86.ActiveCfg = Release|Any CPU
		{ECF7C5F2-6A15-4CA7-A20C-0B22ADF99DE0}.Debug|Any CPU.ActiveCfg = Debug|Any CPU
		{ECF7C5F2-6A15-4CA7-A20C-0B22ADF99DE0}.Debug|Any CPU.Build.0 = Debug|Any CPU
		{ECF7C5F2-6A15-4CA7-A20C-0B22ADF99DE0}.Debug|Mixed Platforms.ActiveCfg = Debug|Any CPU
		{ECF7C5F2-6A15-4CA7-A20C-0B22ADF99DE0}.Debug|Mixed Platforms.Build.0 = Debug|Any CPU
		{ECF7C5F2-6A15-4CA7-A20C-0B22ADF99DE0}.Debug|x86.ActiveCfg = Debug|Any CPU
		{ECF7C5F2-6A15-4CA7-A20C-0B22ADF99DE0}.Release|Any CPU.ActiveCfg = Release|Any CPU
		{ECF7C5F2-6A15-4CA7-A20C-0B22ADF99DE0}.Release|Any CPU.Build.0 = Release|Any CPU
		{ECF7C5F2-6A15-4CA7-A20C-0B22ADF99DE0}.Release|Mixed Platforms.ActiveCfg = Release|Any CPU
		{ECF7C5F2-6A15-4CA7-A20C-0B22ADF99DE0}.Release|Mixed Platforms.Build.0 = Release|Any CPU
		{ECF7C5F2-6A15-4CA7-A20C-0B22ADF99DE0}.Release|x86.ActiveCfg = Release|Any CPU
		{BD917293-2600-422D-9882-80C33A13B303}.Debug|Any CPU.ActiveCfg = Debug|Any CPU
		{BD917293-2600-422D-9882-80C33A13B303}.Debug|Any CPU.Build.0 = Debug|Any CPU
		{BD917293-2600-422D-9882-80C33A13B303}.Debug|Mixed Platforms.ActiveCfg = Debug|Any CPU
		{BD917293-2600-422D-9882-80C33A13B303}.Debug|Mixed Platforms.Build.0 = Debug|Any CPU
		{BD917293-2600-422D-9882-80C33A13B303}.Debug|x86.ActiveCfg = Debug|Any CPU
		{BD917293-2600-422D-9882-80C33A13B303}.Release|Any CPU.ActiveCfg = Release|Any CPU
		{BD917293-2600-422D-9882-80C33A13B303}.Release|Any CPU.Build.0 = Release|Any CPU
		{BD917293-2600-422D-9882-80C33A13B303}.Release|Mixed Platforms.ActiveCfg = Release|Any CPU
		{BD917293-2600-422D-9882-80C33A13B303}.Release|Mixed Platforms.Build.0 = Release|Any CPU
		{BD917293-2600-422D-9882-80C33A13B303}.Release|x86.ActiveCfg = Release|Any CPU
		{14AFA0C7-C7C4-493C-BFEF-F056468F8C94}.Debug|Any CPU.ActiveCfg = Debug|Any CPU
		{14AFA0C7-C7C4-493C-BFEF-F056468F8C94}.Debug|Any CPU.Build.0 = Debug|Any CPU
		{14AFA0C7-C7C4-493C-BFEF-F056468F8C94}.Debug|Mixed Platforms.ActiveCfg = Debug|Any CPU
		{14AFA0C7-C7C4-493C-BFEF-F056468F8C94}.Debug|Mixed Platforms.Build.0 = Debug|Any CPU
		{14AFA0C7-C7C4-493C-BFEF-F056468F8C94}.Debug|x86.ActiveCfg = Debug|Any CPU
		{14AFA0C7-C7C4-493C-BFEF-F056468F8C94}.Release|Any CPU.ActiveCfg = Release|Any CPU
		{14AFA0C7-C7C4-493C-BFEF-F056468F8C94}.Release|Any CPU.Build.0 = Release|Any CPU
		{14AFA0C7-C7C4-493C-BFEF-F056468F8C94}.Release|Mixed Platforms.ActiveCfg = Release|Any CPU
		{14AFA0C7-C7C4-493C-BFEF-F056468F8C94}.Release|Mixed Platforms.Build.0 = Release|Any CPU
		{14AFA0C7-C7C4-493C-BFEF-F056468F8C94}.Release|x86.ActiveCfg = Release|Any CPU
		{A49C30F0-69D4-4518-9CA7-41B1D1AE4F23}.Debug|Any CPU.ActiveCfg = Debug|Any CPU
		{A49C30F0-69D4-4518-9CA7-41B1D1AE4F23}.Debug|Any CPU.Build.0 = Debug|Any CPU
		{A49C30F0-69D4-4518-9CA7-41B1D1AE4F23}.Debug|Mixed Platforms.ActiveCfg = Debug|Any CPU
		{A49C30F0-69D4-4518-9CA7-41B1D1AE4F23}.Debug|Mixed Platforms.Build.0 = Debug|Any CPU
		{A49C30F0-69D4-4518-9CA7-41B1D1AE4F23}.Debug|x86.ActiveCfg = Debug|Any CPU
		{A49C30F0-69D4-4518-9CA7-41B1D1AE4F23}.Release|Any CPU.ActiveCfg = Release|Any CPU
		{A49C30F0-69D4-4518-9CA7-41B1D1AE4F23}.Release|Any CPU.Build.0 = Release|Any CPU
		{A49C30F0-69D4-4518-9CA7-41B1D1AE4F23}.Release|Mixed Platforms.ActiveCfg = Release|Any CPU
		{A49C30F0-69D4-4518-9CA7-41B1D1AE4F23}.Release|Mixed Platforms.Build.0 = Release|Any CPU
		{A49C30F0-69D4-4518-9CA7-41B1D1AE4F23}.Release|x86.ActiveCfg = Release|Any CPU
	EndGlobalSection
	GlobalSection(SolutionProperties) = preSolution
		HideSolutionNode = FALSE
	EndGlobalSection
EndGlobal
